
Microsoft Visual Studio Solution File, Format Version 12.00
# Visual Studio Version 16
VisualStudioVersion = 16.0.29519.87
MinimumVisualStudioVersion = 10.0.40219.1
Project("{FAE04EC0-301F-11D3-BF4B-00C04F79EFBC}") = "chess", "chess.csproj", "{0D7519F4-DD9A-4056-B1F6-25459CC99EC2}"
EndProject
Global
	GlobalSection(SolutionConfigurationPlatforms) = preSolution
		Debug|Any CPU = Debug|Any CPU
		Release|Any CPU = Release|Any CPU
	EndGlobalSection
	GlobalSection(ProjectConfigurationPlatforms) = postSolution
		{0D7519F4-DD9A-4056-B1F6-25459CC99EC2}.Debug|Any CPU.ActiveCfg = Debug|Any CPU
		{0D7519F4-DD9A-4056-B1F6-25459CC99EC2}.Debug|Any CPU.Build.0 = Debug|Any CPU
		{0D7519F4-DD9A-4056-B1F6-25459CC99EC2}.Release|Any CPU.ActiveCfg = Release|Any CPU
		{0D7519F4-DD9A-4056-B1F6-25459CC99EC2}.Release|Any CPU.Build.0 = Release|Any CPU
	EndGlobalSection
	GlobalSection(SolutionProperties) = preSolution
		HideSolutionNode = FALSE
	EndGlobalSection
	GlobalSection(ExtensibilityGlobals) = postSolution
		SolutionGuid = {56841408-A9BD-46C6-A764-BB0F8DF9788F}
	EndGlobalSection
EndGlobal
